{
  "name": "pam-scrollable-menu",
  "version": "1.0.0",
  "lockfileVersion": 1,
  "requires": true,
  "dependencies": {
    "pam-css": {
      "version": "1.0.0-beta.2",
      "resolved": "https://registry.npmjs.org/pam-css/-/pam-css-1.0.0-beta.2.tgz",
      "integrity": "sha512-xsx33hv8cwDgqV/IhA/NJt3JP6dkbH5kFSTEmjNwvb0ZWbzoe1Sd96TMCJVXC50G5ECCBTwhI2yNneQJgV8/cA=="
    }
  }
}
